Microsoft Visual Studio Solution File, Format Version 12.00
# Visual Studio Version 17
VisualStudioVersion = 17.0.31903.59
MinimumVisualStudioVersion = 10.0.40219.1
Project("{2150E333-8FDC-42A3-9474-1A3956D46DE8}") = "src", "src", "{8BB2AD09-0989-4B3C-9C6E-643F07C5C71E}"
EndProject
Project("{2150E333-8FDC-42A3-9474-1A3956D46DE8}") = "tests", "tests", "{9A19103F-16F7-4668-BE54-9A1E7A4F7556}"
EndProject
Project("{FAE04EC0-301F-11D3-BF4B-00C04F79EFBC}") = "CodePunk.Console", "src\CodePunk.Console\CodePunk.Console.csproj", "{1B61A2F1-1C3D-4E5F-8F4E-5C7B9D0E2A3F}"
EndProject
Project("{FAE04EC0-301F-11D3-BF4B-00C04F79EFBC}") = "CodePunk.Core", "src\CodePunk.Core\CodePunk.Core.csproj", "{00000000-0000-0000-0000-000000000000}"
EndProject
Project("{FAE04EC0-301F-11D3-BF4B-00C04F79EFBC}") = "CodePunk.Data", "src\CodePunk.Data\CodePunk.Data.csproj", "{00000000-0000-0000-0000-000000000000}"
EndProject
Project("{FAE04EC0-301F-11D3-BF4B-00C04F79EFBC}") = "CodePunk.Infrastructure", "src\CodePunk.Infrastructure\CodePunk.Infrastructure.csproj", "{00000000-0000-0000-0000-000000000000}"
EndProject
Project("{FAE04EC0-301F-11D3-BF4B-00C04F79EFBC}") = "CodePunk.Core.Tests", "tests\CodePunk.Core.Tests\CodePunk.Core.Tests.csproj", "{00000000-0000-0000-0000-000000000000}"
EndProject
Project("{FAE04EC0-301F-11D3-BF4B-00C04F79EFBC}") = "CodePunk.Data.Tests", "tests\CodePunk.Data.Tests\CodePunk.Data.Tests.csproj", "{00000000-0000-0000-0000-000000000000}"
EndProject
Project("{FAE04EC0-301F-11D3-BF4B-00C04F79EFBC}") = "CodePunk.Console.Tests", "tests\CodePunk.Console.Tests\CodePunk.Console.Tests.csproj", "{00000000-0000-0000-0000-000000000000}"
EndProject
Project("{FAE04EC0-301F-11D3-BF4B-00C04F79EFBC}") = "CodePunk.Integration.Tests", "tests\CodePunk.Integration.Tests\CodePunk.Integration.Tests.csproj", "{00000000-0000-0000-0000-000000000000}"
EndProject
Global
	GlobalSection(SolutionConfigurationPlatforms) = preSolution
		Debug|Any CPU = Debug|Any CPU
		Release|Any CPU = Release|Any CPU
	EndGlobalSection
	GlobalSection(ProjectConfigurationPlatforms) = postSolution
		{1B61A2F1-1C3D-4E5F-8F4E-5C7B9D0E2A3F}.Debug|Any CPU.ActiveCfg = Debug|Any CPU
		{1B61A2F1-1C3D-4E5F-8F4E-5C7B9D0E2A3F}.Debug|Any CPU.Build.0 = Debug|Any CPU
		{1B61A2F1-1C3D-4E5F-8F4E-5C7B9D0E2A3F}.Release|Any CPU.ActiveCfg = Release|Any CPU
		{1B61A2F1-1C3D-4E5F-8F4E-5C7B9D0E2A3F}.Release|Any CPU.Build.0 = Release|Any CPU
		{00000000-0000-0000-0000-000000000000}.Debug|Any CPU.ActiveCfg = Debug|Any CPU
		{00000000-0000-0000-0000-000000000000}.Debug|Any CPU.Build.0 = Debug|Any CPU
	EndGlobalSection
	GlobalSection(SolutionProperties) = preSolution
		HideSolutionNode = FALSE
	EndGlobalSection
	GlobalSection(NestedProjects) = preSolution
		{1B61A2F1-1C3D-4E5F-8F4E-5C7B9D0E2A3F} = {8BB2AD09-0989-4B3C-9C6E-643F07C5C71E}
		{00000000-0000-0000-0000-000000000000} = {9A19103F-16F7-4668-BE54-9A1E7A4F7556}
	EndGlobalSection
	GlobalSection(ExtensibilityGlobals) = postSolution
		SolutionGuid = {8CC3F7A5-B9D8-4F2E-A1C6-3E7F9B2D5A4C}
	EndGlobalSection
EndGlobal
